// !$*UTF8*$!
{
	archiveVersion = 1;
	classes = {
	};
	objectVersion = 56;
	objects = {

/* Begin PBXBuildFile section */
		748223B02DCCE5EC003C1475 /* Mixpanel in Frameworks */ = {isa = PBXBuildFile; productRef = 748223AF2DCCE5EC003C1475 /* Mixpanel */; };
		74BC993F2DBABC9A00FA1049 /* FirebaseAnalytics in Frameworks */ = {isa = PBXBuildFile; productRef = 74BC993E2DBABC9A00FA1049 /* FirebaseAnalytics */; };
		74BC99412DBABC9A00FA1049 /* FirebaseAuth in Frameworks */ = {isa = PBXBuildFile; productRef = 74BC99402DBABC9A00FA1049 /* FirebaseAuth */; };
		74BC99432DBABC9A00FA1049 /* FirebaseFirestore in Frameworks */ = {isa = PBXBuildFile; productRef = 74BC99422DBABC9A00FA1049 /* FirebaseFirestore */; };
		74BC99452DBABC9A00FA1049 /* FirebaseInAppMessaging-Beta in Frameworks */ = {isa = PBXBuildFile; productRef = 74BC99442DBABC9A00FA1049 /* FirebaseInAppMessaging-Beta */; };
		74BC99472DBABC9A00FA1049 /* FirebaseMessaging in Frameworks */ = {isa = PBXBuildFile; productRef = 74BC99462DBABC9A00FA1049 /* FirebaseMessaging */; };
		74F24F7A2DCB75B800C744B2 /* LaunchScreen.storyboard in Resources */ = {isa = PBXBuildFile; fileRef = 74F24F6B2DCB75B800C744B2 /* LaunchScreen.storyboard */; };
		74F24F7B2DCB75B800C744B2 /* GoogleService-Info.plist in Resources */ = {isa = PBXBuildFile; fileRef = 74F24F632DCB75B800C744B2 /* GoogleService-Info.plist */; };
		74F24F7C2DCB75B800C744B2 /* Assets.xcassets in Resources */ = {isa = PBXBuildFile; fileRef = 74F24F572DCB75B800C744B2 /* Assets.xcassets */; };
		74F24F7E2DCB75B800C744B2 /* BackgroundHealthManager.swift in Sources */ = {isa = PBXBuildFile; fileRef = 74F24F582DCB75B800C744B2 /* BackgroundHealthManager.swift */; };
		74F24F7F2DCB75B800C744B2 /* FriendsView.swift in Sources */ = {isa = PBXBuildFile; fileRef = 74F24F612DCB75B800C744B2 /* FriendsView.swift */; };
		74F24F802DCB75B800C744B2 /* AffirmationManager.swift in Sources */ = {isa = PBXBuildFile; fileRef = 74F24F552DCB75B800C744B2 /* AffirmationManager.swift */; };
		74F24F812DCB75B800C744B2 /* MilestoneCardView.swift in Sources */ = {isa = PBXBuildFile; fileRef = 74F24F6D2DCB75B800C744B2 /* MilestoneCardView.swift */; };
		74F24F822DCB75B800C744B2 /* StreakManager.swift in Sources */ = {isa = PBXBuildFile; fileRef = 74F24F782DCB75B800C744B2 /* StreakManager.swift */; };
		74F24F832DCB75B800C744B2 /* Episode.swift in Sources */ = {isa = PBXBuildFile; fileRef = 74F24F5D2DCB75B800C744B2 /* Episode.swift */; };
		74F24F842DCB75B800C744B2 /* AnimatedProgressRing.swift in Sources */ = {isa = PBXBuildFile; fileRef = 74F24F562DCB75B800C744B2 /* AnimatedProgressRing.swift */; };
		74F24F852DCB75B800C744B2 /* SlaylaBot.swift in Sources */ = {isa = PBXBuildFile; fileRef = 74F24F762DCB75B800C744B2 /* SlaylaBot.swift */; };
		74F24F862DCB75B800C744B2 /* AffirmationCardView.swift in Sources */ = {isa = PBXBuildFile; fileRef = 74F24F542DCB75B800C744B2 /* AffirmationCardView.swift */; };
		74F24F872DCB75B800C744B2 /* ProfileView.swift in Sources */ = {isa = PBXBuildFile; fileRef = 74F24F732DCB75B800C744B2 /* ProfileView.swift */; };
		74F24F882DCB75B800C744B2 /* Friend.swift in Sources */ = {isa = PBXBuildFile; fileRef = 74F24F602DCB75B800C744B2 /* Friend.swift */; };
		74F24F892DCB75B800C744B2 /* LinkService.swift in Sources */ = {isa = PBXBuildFile; fileRef = 74F24F6C2DCB75B800C744B2 /* LinkService.swift */; };
		74F24F8A2DCB75B800C744B2 /* InvitationService.swift in Sources */ = {isa = PBXBuildFile; fileRef = 74F24F6A2DCB75B800C744B2 /* InvitationService.swift */; };
		74F24F8B2DCB75B800C744B2 /* MotivationalMessageManager.swift in Sources */ = {isa = PBXBuildFile; fileRef = 74F24F702DCB75B800C744B2 /* MotivationalMessageManager.swift */; };
		74F24F8C2DCB75B800C744B2 /* StepRingView.swift in Sources */ = {isa = PBXBuildFile; fileRef = 74F24F772DCB75B800C744B2 /* StepRingView.swift */; };
		74F24F8D2DCB75B800C744B2 /* GoalEditorView.swift in Sources */ = {isa = PBXBuildFile; fileRef = 74F24F622DCB75B800C744B2 /* GoalEditorView.swift */; };
		74F24F8E2DCB75B800C744B2 /* MilestoneType.swift in Sources */ = {isa = PBXBuildFile; fileRef = 74F24F6F2DCB75B800C744B2 /* MilestoneType.swift */; };
		74F24F8F2DCB75B800C744B2 /* DateFormatterManager.swift in Sources */ = {isa = PBXBuildFile; fileRef = 74F24F5C2DCB75B800C744B2 /* DateFormatterManager.swift */; };
		74F24F902DCB75B800C744B2 /* HotWalkApp.swift in Sources */ = {isa = PBXBuildFile; fileRef = 74F24F672DCB75B800C744B2 /* HotWalkApp.swift */; };
		74F24F912DCB75B800C744B2 /* OnboardingView.swift in Sources */ = {isa = PBXBuildFile; fileRef = 74F24F722DCB75B800C744B2 /* OnboardingView.swift */; };
		74F24F922DCB75B800C744B2 /* ContentView.swift in Sources */ = {isa = PBXBuildFile; fileRef = 74F24F5B2DCB75B800C744B2 /* ContentView.swift */; };
		74F24F932DCB75B800C744B2 /* ShareCardView.swift in Sources */ = {isa = PBXBuildFile; fileRef = 74F24F752DCB75B800C744B2 /* ShareCardView.swift */; };
		74F24F942DCB75B800C744B2 /* HealthManager.swift in Sources */ = {isa = PBXBuildFile; fileRef = 74F24F642DCB75B800C744B2 /* HealthManager.swift */; };
		74F24F952DCB75B800C744B2 /* HotWalkViewModel.swift in Sources */ = {isa = PBXBuildFile; fileRef = 74F24F682DCB75B800C744B2 /* HotWalkViewModel.swift */; };
		74F24F962DCB75B800C744B2 /* HotGirlPassManager.swift in Sources */ = {isa = PBXBuildFile; fileRef = 74F24F652DCB75B800C744B2 /* HotGirlPassManager.swift */; };
		74F24F972DCB75B800C744B2 /* CelebrationView.swift in Sources */ = {isa = PBXBuildFile; fileRef = 74F24F5A2DCB75B800C744B2 /* CelebrationView.swift */; };
		74F24F982DCB75B800C744B2 /* RealityShowView.swift in Sources */ = {isa = PBXBuildFile; fileRef = 74F24F742DCB75B800C744B2 /* RealityShowView.swift */; };
		74F24F992DCB75B800C744B2 /* NotificationPermissionView.swift in Sources */ = {isa = PBXBuildFile; fileRef = 74F24F712DCB75B800C744B2 /* NotificationPermissionView.swift */; };
		74F24F9A2DCB75B800C744B2 /* EpisodeManager.swift in Sources */ = {isa = PBXBuildFile; fileRef = 74F24F5E2DCB75B800C744B2 /* EpisodeManager.swift */; };
		74F24F9B2DCB75B800C744B2 /* CalendarView.swift in Sources */ = {isa = PBXBuildFile; fileRef = 74F24F592DCB75B800C744B2 /* CalendarView.swift */; };
		74F24F9C2DCB75B800C744B2 /* MilestoneManager.swift in Sources */ = {isa = PBXBuildFile; fileRef = 74F24F6E2DCB75B800C744B2 /* MilestoneManager.swift */; };
		74F24F9E2DCB7B9300C744B2 /* ActivityRingsView.swift in Sources */ = {isa = PBXBuildFile; fileRef = 74F24F9D2DCB7B9300C744B2 /* ActivityRingsView.swift */; };
/* End PBXBuildFile section */

/* Begin PBXFileReference section */
		1A1A1A1A1A1A1A1A1A1A1A22 /* HotWalk.app */ = {isa = PBXFileReference; explicitFileType = wrapper.application; includeInIndex = 0; path = HotWalk.app; sourceTree = BUILT_PRODUCTS_DIR; };
		74F24F542DCB75B800C744B2 /* AffirmationCardView.swift */ = {isa = PBXFileReference; lastKnownFileType = sourcecode.swift; path = AffirmationCardView.swift; sourceTree = "<group>"; };
		74F24F552DCB75B800C744B2 /* AffirmationManager.swift */ = {isa = PBXFileReference; lastKnownFileType = sourcecode.swift; path = AffirmationManager.swift; sourceTree = "<group>"; };
		74F24F562DCB75B800C744B2 /* AnimatedProgressRing.swift */ = {isa = PBXFileReference; lastKnownFileType = sourcecode.swift; path = AnimatedProgressRing.swift; sourceTree = "<group>"; };
		74F24F572DCB75B800C744B2 /* Assets.xcassets */ = {isa = PBXFileReference; lastKnownFileType = folder.assetcatalog; path = Assets.xcassets; sourceTree = "<group>"; };
		74F24F582DCB75B800C744B2 /* BackgroundHealthManager.swift */ = {isa = PBXFileReference; lastKnownFileType = sourcecode.swift; path = BackgroundHealthManager.swift; sourceTree = "<group>"; };
		74F24F592DCB75B800C744B2 /* CalendarView.swift */ = {isa = PBXFileReference; lastKnownFileType = sourcecode.swift; path = CalendarView.swift; sourceTree = "<group>"; };
		74F24F5A2DCB75B800C744B2 /* CelebrationView.swift */ = {isa = PBXFileReference; lastKnownFileType = sourcecode.swift; path = CelebrationView.swift; sourceTree = "<group>"; };
		74F24F5B2DCB75B800C744B2 /* ContentView.swift */ = {isa = PBXFileReference; lastKnownFileType = sourcecode.swift; path = ContentView.swift; sourceTree = "<group>"; };
		74F24F5C2DCB75B800C744B2 /* DateFormatterManager.swift */ = {isa = PBXFileReference; lastKnownFileType = sourcecode.swift; path = DateFormatterManager.swift; sourceTree = "<group>"; };
		74F24F5D2DCB75B800C744B2 /* Episode.swift */ = {isa = PBXFileReference; lastKnownFileType = sourcecode.swift; path = Episode.swift; sourceTree = "<group>"; };
		74F24F5E2DCB75B800C744B2 /* EpisodeManager.swift */ = {isa = PBXFileReference; lastKnownFileType = sourcecode.swift; path = EpisodeManager.swift; sourceTree = "<group>"; };
		74F24F602DCB75B800C744B2 /* Friend.swift */ = {isa = PBXFileReference; lastKnownFileType = sourcecode.swift; path = Friend.swift; sourceTree = "<group>"; };
		74F24F612DCB75B800C744B2 /* FriendsView.swift */ = {isa = PBXFileReference; lastKnownFileType = sourcecode.swift; path = FriendsView.swift; sourceTree = "<group>"; };
		74F24F622DCB75B800C744B2 /* GoalEditorView.swift */ = {isa = PBXFileReference; lastKnownFileType = sourcecode.swift; path = GoalEditorView.swift; sourceTree = "<group>"; };
		74F24F632DCB75B800C744B2 /* GoogleService-Info.plist */ = {isa = PBXFileReference; lastKnownFileType = text.plist.xml; path = "GoogleService-Info.plist"; sourceTree = "<group>"; };
		74F24F642DCB75B800C744B2 /* HealthManager.swift */ = {isa = PBXFileReference; lastKnownFileType = sourcecode.swift; path = HealthManager.swift; sourceTree = "<group>"; };
		74F24F652DCB75B800C744B2 /* HotGirlPassManager.swift */ = {isa = PBXFileReference; lastKnownFileType = sourcecode.swift; path = HotGirlPassManager.swift; sourceTree = "<group>"; };
		74F24F662DCB75B800C744B2 /* HotWalk.entitlements */ = {isa = PBXFileReference; lastKnownFileType = text.plist.entitlements; path = HotWalk.entitlements; sourceTree = "<group>"; };
		74F24F672DCB75B800C744B2 /* HotWalkApp.swift */ = {isa = PBXFileReference; lastKnownFileType = sourcecode.swift; path = HotWalkApp.swift; sourceTree = "<group>"; };
		74F24F682DCB75B800C744B2 /* HotWalkViewModel.swift */ = {isa = PBXFileReference; lastKnownFileType = sourcecode.swift; path = HotWalkViewModel.swift; sourceTree = "<group>"; };
		74F24F692DCB75B800C744B2 /* Info.plist */ = {isa = PBXFileReference; lastKnownFileType = text.plist.xml; path = Info.plist; sourceTree = "<group>"; };
		74F24F6A2DCB75B800C744B2 /* InvitationService.swift */ = {isa = PBXFileReference; lastKnownFileType = sourcecode.swift; path = InvitationService.swift; sourceTree = "<group>"; };
		74F24F6B2DCB75B800C744B2 /* LaunchScreen.storyboard */ = {isa = PBXFileReference; lastKnownFileType = file.storyboard; path = LaunchScreen.storyboard; sourceTree = "<group>"; };
		74F24F6C2DCB75B800C744B2 /* LinkService.swift */ = {isa = PBXFileReference; lastKnownFileType = sourcecode.swift; path = LinkService.swift; sourceTree = "<group>"; };
		74F24F6D2DCB75B800C744B2 /* MilestoneCardView.swift */ = {isa = PBXFileReference; lastKnownFileType = sourcecode.swift; path = MilestoneCardView.swift; sourceTree = "<group>"; };
		74F24F6E2DCB75B800C744B2 /* MilestoneManager.swift */ = {isa = PBXFileReference; lastKnownFileType = sourcecode.swift; path = MilestoneManager.swift; sourceTree = "<group>"; };
		74F24F6F2DCB75B800C744B2 /* MilestoneType.swift */ = {isa = PBXFileReference; lastKnownFileType = sourcecode.swift; path = MilestoneType.swift; sourceTree = "<group>"; };
		74F24F702DCB75B800C744B2 /* MotivationalMessageManager.swift */ = {isa = PBXFileReference; lastKnownFileType = sourcecode.swift; path = MotivationalMessageManager.swift; sourceTree = "<group>"; };
		74F24F712DCB75B800C744B2 /* NotificationPermissionView.swift */ = {isa = PBXFileReference; lastKnownFileType = sourcecode.swift; path = NotificationPermissionView.swift; sourceTree = "<group>"; };
		74F24F722DCB75B800C744B2 /* OnboardingView.swift */ = {isa = PBXFileReference; lastKnownFileType = sourcecode.swift; path = OnboardingView.swift; sourceTree = "<group>"; };
		74F24F732DCB75B800C744B2 /* ProfileView.swift */ = {isa = PBXFileReference; lastKnownFileType = sourcecode.swift; path = ProfileView.swift; sourceTree = "<group>"; };
		74F24F742DCB75B800C744B2 /* RealityShowView.swift */ = {isa = PBXFileReference; lastKnownFileType = sourcecode.swift; path = RealityShowView.swift; sourceTree = "<group>"; };
		74F24F752DCB75B800C744B2 /* ShareCardView.swift */ = {isa = PBXFileReference; lastKnownFileType = sourcecode.swift; path = ShareCardView.swift; sourceTree = "<group>"; };
		74F24F762DCB75B800C744B2 /* SlaylaBot.swift */ = {isa = PBXFileReference; lastKnownFileType = sourcecode.swift; path = SlaylaBot.swift; sourceTree = "<group>"; };
		74F24F772DCB75B800C744B2 /* StepRingView.swift */ = {isa = PBXFileReference; lastKnownFileType = sourcecode.swift; path = StepRingView.swift; sourceTree = "<group>"; };
		74F24F782DCB75B800C744B2 /* StreakManager.swift */ = {isa = PBXFileReference; lastKnownFileType = sourcecode.swift; path = StreakManager.swift; sourceTree = "<group>"; };
		74F24F9D2DCB7B9300C744B2 /* ActivityRingsView.swift */ = {isa = PBXFileReference; lastKnownFileType = sourcecode.swift; path = ActivityRingsView.swift; sourceTree = "<group>"; };
/* End PBXFileReference section */

/* Begin PBXFrameworksBuildPhase section */
		1A1A1A1A1A1A1A1A1A1A1A24 /* Frameworks */ = {
			isa = PBXFrameworksBuildPhase;
			buildActionMask = 2147483647;
			files = (
				748223B02DCCE5EC003C1475 /* Mixpanel in Frameworks */,
				74BC993F2DBABC9A00FA1049 /* FirebaseAnalytics in Frameworks */,
				74BC99412DBABC9A00FA1049 /* FirebaseAuth in Frameworks */,
				74BC99472DBABC9A00FA1049 /* FirebaseMessaging in Frameworks */,
				74BC99432DBABC9A00FA1049 /* FirebaseFirestore in Frameworks */,
				74BC99452DBABC9A00FA1049 /* FirebaseInAppMessaging-Beta in Frameworks */,
			);
			runOnlyForDeploymentPostprocessing = 0;
		};
/* End PBXFrameworksBuildPhase section */

/* Begin PBXGroup section */
		1A1A1A1A1A1A1A1A1A1A1A25 = {
			isa = PBXGroup;
			children = (
				1A1A1A1A1A1A1A1A1A1A1A26 /* HotWalk */,
				1A1A1A1A1A1A1A1A1A1A1A27 /* Products */,
			);
			sourceTree = "<group>";
		};
		1A1A1A1A1A1A1A1A1A1A1A26 /* HotWalk */ = {
			isa = PBXGroup;
			children = (
				74F24F542DCB75B800C744B2 /* AffirmationCardView.swift */,
				74F24F552DCB75B800C744B2 /* AffirmationManager.swift */,
				74F24F9D2DCB7B9300C744B2 /* ActivityRingsView.swift */,
				74F24F562DCB75B800C744B2 /* AnimatedProgressRing.swift */,
				74F24F572DCB75B800C744B2 /* Assets.xcassets */,
				74F24F582DCB75B800C744B2 /* BackgroundHealthManager.swift */,
				74F24F592DCB75B800C744B2 /* CalendarView.swift */,
				74F24F5A2DCB75B800C744B2 /* CelebrationView.swift */,
				74F24F5B2DCB75B800C744B2 /* ContentView.swift */,
				74F24F5C2DCB75B800C744B2 /* DateFormatterManager.swift */,
				74F24F5D2DCB75B800C744B2 /* Episode.swift */,
				74F24F5E2DCB75B800C744B2 /* EpisodeManager.swift */,
				74F24F602DCB75B800C744B2 /* Friend.swift */,
				74F24F612DCB75B800C744B2 /* FriendsView.swift */,
				74F24F622DCB75B800C744B2 /* GoalEditorView.swift */,
				74F24F642DCB75B800C744B2 /* HealthManager.swift */,
				74F24F652DCB75B800C744B2 /* HotGirlPassManager.swift */,
				74F24F662DCB75B800C744B2 /* HotWalk.entitlements */,
				74F24F672DCB75B800C744B2 /* HotWalkApp.swift */,
				74F24F682DCB75B800C744B2 /* HotWalkViewModel.swift */,
				74F24F6A2DCB75B800C744B2 /* InvitationService.swift */,
				74F24F6B2DCB75B800C744B2 /* LaunchScreen.storyboard */,
				74F24F6C2DCB75B800C744B2 /* LinkService.swift */,
				74F24F6D2DCB75B800C744B2 /* MilestoneCardView.swift */,
				74F24F6E2DCB75B800C744B2 /* MilestoneManager.swift */,
				74F24F6F2DCB75B800C744B2 /* MilestoneType.swift */,
				74F24F702DCB75B800C744B2 /* MotivationalMessageManager.swift */,
				74F24F712DCB75B800C744B2 /* NotificationPermissionView.swift */,
				74F24F722DCB75B800C744B2 /* OnboardingView.swift */,
				74F24F732DCB75B800C744B2 /* ProfileView.swift */,
				74F24F742DCB75B800C744B2 /* RealityShowView.swift */,
				74F24F752DCB75B800C744B2 /* ShareCardView.swift */,
				74F24F762DCB75B800C744B2 /* SlaylaBot.swift */,
				74F24F772DCB75B800C744B2 /* StepRingView.swift */,
				74F24F782DCB75B800C744B2 /* StreakManager.swift */,
				74F24F632DCB75B800C744B2 /* GoogleService-Info.plist */,
				74F24F692DCB75B800C744B2 /* Info.plist */,
			);
			path = HotWalk;
			sourceTree = "<group>";
		};
		1A1A1A1A1A1A1A1A1A1A1A27 /* Products */ = {
			isa = PBXGroup;
			children = (
				1A1A1A1A1A1A1A1A1A1A1A22 /* HotWalk.app */,
			);
			name = Products;
			sourceTree = "<group>";
		};
/* End PBXGroup section */

/* Begin PBXNativeTarget section */
		1A1A1A1A1A1A1A1A1A1A1A28 /* HotWalk */ = {
			isa = PBXNativeTarget;
			buildConfigurationList = 1A1A1A1A1A1A1A1A1A1A1A29 /* Build configuration list for PBXNativeTarget "HotWalk" */;
			buildPhases = (
				1A1A1A1A1A1A1A1A1A1A1A24 /* Frameworks */,
				1A1A1A1A1A1A1A1A1A1A1A2A /* Sources */,
				1A1A1A1A1A1A1A1A1A1A1A2B /* Resources */,
			);
			buildRules = (
			);
			dependencies = (
			);
			name = HotWalk;
			productName = HotWalk;
			productReference = 1A1A1A1A1A1A1A1A1A1A1A22 /* HotWalk.app */;
			productType = "com.apple.product-type.application";
		};
/* End PBXNativeTarget section */

/* Begin PBXProject section */
		1A1A1A1A1A1A1A1A1A1A1A2C /* Project object */ = {
			isa = PBXProject;
			attributes = {
				BuildIndependentTargetsInParallel = 1;
				LastSwiftUpdateCheck = 1500;
				LastUpgradeCheck = 1630;
				TargetAttributes = {
					1A1A1A1A1A1A1A1A1A1A1A28 = {
						CreatedOnToolsVersion = 15.0;
					};
				};
			};
			buildConfigurationList = 1A1A1A1A1A1A1A1A1A1A1A2D /* Build configuration list for PBXProject "HotWalk" */;
			compatibilityVersion = "Xcode 14.0";
			developmentRegion = en;
			hasScannedForEncodings = 0;
			knownRegions = (
				en,
				Base,
			);
			mainGroup = 1A1A1A1A1A1A1A1A1A1A1A25;
			packageReferences = (
				74BC993D2DBABC9A00FA1049 /* XCRemoteSwiftPackageReference "firebase-ios-sdk" */,
				748223AE2DCCE5EC003C1475 /* XCRemoteSwiftPackageReference "mixpanel-swift" */,
			);
			productRefGroup = 1A1A1A1A1A1A1A1A1A1A1A27 /* Products */;
			projectDirPath = "";
			projectRoot = "";
			targets = (
				1A1A1A1A1A1A1A1A1A1A1A28 /* HotWalk */,
			);
		};
/* End PBXProject section */

/* Begin PBXResourcesBuildPhase section */
		1A1A1A1A1A1A1A1A1A1A1A2B /* Resources */ = {
			isa = PBXResourcesBuildPhase;
			buildActionMask = 2147483647;
			files = (
				74F24F7A2DCB75B800C744B2 /* LaunchScreen.storyboard in Resources */,
				74F24F7B2DCB75B800C744B2 /* GoogleService-Info.plist in Resources */,
				74F24F7C2DCB75B800C744B2 /* Assets.xcassets in Resources */,
			);
			runOnlyForDeploymentPostprocessing = 0;
		};
/* End PBXResourcesBuildPhase section */

/* Begin PBXSourcesBuildPhase section */
		1A1A1A1A1A1A1A1A1A1A1A2A /* Sources */ = {
			isa = PBXSourcesBuildPhase;
			buildActionMask = 2147483647;
			files = (
				74F24F7E2DCB75B800C744B2 /* BackgroundHealthManager.swift in Sources */,
				74F24F7F2DCB75B800C744B2 /* FriendsView.swift in Sources */,
				74F24F802DCB75B800C744B2 /* AffirmationManager.swift in Sources */,
				74F24F812DCB75B800C744B2 /* MilestoneCardView.swift in Sources */,
				74F24F822DCB75B800C744B2 /* StreakManager.swift in Sources */,
				74F24F832DCB75B800C744B2 /* Episode.swift in Sources */,
				74F24F842DCB75B800C744B2 /* AnimatedProgressRing.swift in Sources */,
				74F24F852DCB75B800C744B2 /* SlaylaBot.swift in Sources */,
				74F24F862DCB75B800C744B2 /* AffirmationCardView.swift in Sources */,
				74F24F872DCB75B800C744B2 /* ProfileView.swift in Sources */,
				74F24F882DCB75B800C744B2 /* Friend.swift in Sources */,
				74F24F892DCB75B800C744B2 /* LinkService.swift in Sources */,
				74F24F8A2DCB75B800C744B2 /* InvitationService.swift in Sources */,
				74F24F8B2DCB75B800C744B2 /* MotivationalMessageManager.swift in Sources */,
				74F24F8C2DCB75B800C744B2 /* StepRingView.swift in Sources */,
				74F24F8D2DCB75B800C744B2 /* GoalEditorView.swift in Sources */,
				74F24F8E2DCB75B800C744B2 /* MilestoneType.swift in Sources */,
				74F24F8F2DCB75B800C744B2 /* DateFormatterManager.swift in Sources */,
				74F24F902DCB75B800C744B2 /* HotWalkApp.swift in Sources */,
				74F24F912DCB75B800C744B2 /* OnboardingView.swift in Sources */,
				74F24F922DCB75B800C744B2 /* ContentView.swift in Sources */,
				74F24F932DCB75B800C744B2 /* ShareCardView.swift in Sources */,
				74F24F942DCB75B800C744B2 /* HealthManager.swift in Sources */,
				74F24F952DCB75B800C744B2 /* HotWalkViewModel.swift in Sources */,
				74F24F962DCB75B800C744B2 /* HotGirlPassManager.swift in Sources */,
				74F24F972DCB75B800C744B2 /* CelebrationView.swift in Sources */,
				74F24F982DCB75B800C744B2 /* RealityShowView.swift in Sources */,
				74F24F992DCB75B800C744B2 /* NotificationPermissionView.swift in Sources */,
				74F24F9A2DCB75B800C744B2 /* EpisodeManager.swift in Sources */,
				74F24F9E2DCB7B9300C744B2 /* ActivityRingsView.swift in Sources */,
				74F24F9B2DCB75B800C744B2 /* CalendarView.swift in Sources */,
				74F24F9C2DCB75B800C744B2 /* MilestoneManager.swift in Sources */,
			);
			runOnlyForDeploymentPostprocessing = 0;
		};
/* End PBXSourcesBuildPhase section */

/* Begin XCBuildConfiguration section */
		1A1A1A1A1A1A1A1A1A1A1A2E /* Debug */ = {
			isa = XCBuildConfiguration;
			buildSettings = {
				ALWAYS_SEARCH_USER_PATHS = NO;
				CLANG_ANALYZER_NONNULL = YES;
				CLANG_ANALYZER_NUMBER_OBJECT_CONVERSION = YES_AGGRESSIVE;
				CLANG_CXX_LANGUAGE_STANDARD = "gnu++20";
				CLANG_ENABLE_MODULES = YES;
				CLANG_ENABLE_OBJC_ARC = YES;
				CLANG_ENABLE_OBJC_WEAK = YES;
				CLANG_WARN_BLOCK_CAPTURE_AUTORELEASING = YES;
				CLANG_WARN_BOOL_CONVERSION = YES;
				CLANG_WARN_COMMA = YES;
				CLANG_WARN_CONSTANT_CONVERSION = YES;
				CLANG_WARN_DEPRECATED_OBJC_IMPLEMENTATIONS = YES;
				CLANG_WARN_DIRECT_OBJC_ISA_USAGE = YES_ERROR;
				CLANG_WARN_DOCUMENTATION_COMMENTS = YES;
				CLANG_WARN_EMPTY_BODY = YES;
				CLANG_WARN_ENUM_CONVERSION = YES;
				CLANG_WARN_INFINITE_RECURSION = YES;
				CLANG_WARN_INT_CONVERSION = YES;
				CLANG_WARN_NON_LITERAL_NULL_CONVERSION = YES;
				CLANG_WARN_OBJC_IMPLICIT_RETAIN_SELF = YES;
				CLANG_WARN_OBJC_LITERAL_CONVERSION = YES;
				CLANG_WARN_OBJC_ROOT_CLASS = YES_ERROR;
				CLANG_WARN_QUOTED_INCLUDE_IN_FRAMEWORK_HEADER = YES;
				CLANG_WARN_RANGE_LOOP_ANALYSIS = YES;
				CLANG_WARN_STRICT_PROTOTYPES = YES;
				CLANG_WARN_SUSPICIOUS_MOVE = YES;
				CLANG_WARN_UNGUARDED_AVAILABILITY = YES_AGGRESSIVE;
				CLANG_WARN_UNREACHABLE_CODE = YES;
				CLANG_WARN__DUPLICATE_METHOD_MATCH = YES;
				COPY_PHASE_STRIP = NO;
				DEBUG_INFORMATION_FORMAT = dwarf;
				ENABLE_STRICT_OBJC_MSGSEND = YES;
				ENABLE_TESTABILITY = YES;
				ENABLE_USER_SCRIPT_SANDBOXING = YES;
				GCC_C_LANGUAGE_STANDARD = gnu11;
				GCC_DYNAMIC_NO_PIC = NO;
				GCC_NO_COMMON_BLOCKS = YES;
				GCC_OPTIMIZATION_LEVEL = 0;
				GCC_PREPROCESSOR_DEFINITIONS = (
					"DEBUG=1",
					"$(inherited)",
				);
				GCC_WARN_64_TO_32_BIT_CONVERSION = YES;
				GCC_WARN_ABOUT_RETURN_TYPE = YES_ERROR;
				GCC_WARN_UNDECLARED_SELECTOR = YES;
				GCC_WARN_UNINITIALIZED_AUTOS = YES_AGGRESSIVE;
				GCC_WARN_UNUSED_FUNCTION = YES;
				GCC_WARN_UNUSED_VARIABLE = YES;
				IPHONEOS_DEPLOYMENT_TARGET = 15.0;
				MTL_ENABLE_DEBUG_INFO = INCLUDE_SOURCE;
				MTL_FAST_MATH = YES;
				ONLY_ACTIVE_ARCH = YES;
				SDKROOT = iphoneos;
				SWIFT_ACTIVE_COMPILATION_CONDITIONS = DEBUG;
				SWIFT_OPTIMIZATION_LEVEL = "-Onone";
			};
			name = Debug;
		};
		1A1A1A1A1A1A1A1A1A1A1A2F /* Release */ = {
			isa = XCBuildConfiguration;
			buildSettings = {
				ALWAYS_SEARCH_USER_PATHS = NO;
				CLANG_ANALYZER_NONNULL = YES;
				CLANG_ANALYZER_NUMBER_OBJECT_CONVERSION = YES_AGGRESSIVE;
				CLANG_CXX_LANGUAGE_STANDARD = "gnu++20";
				CLANG_ENABLE_MODULES = YES;
				CLANG_ENABLE_OBJC_ARC = YES;
				CLANG_ENABLE_OBJC_WEAK = YES;
				CLANG_WARN_BLOCK_CAPTURE_AUTORELEASING = YES;
				CLANG_WARN_BOOL_CONVERSION = YES;
				CLANG_WARN_COMMA = YES;
				CLANG_WARN_CONSTANT_CONVERSION = YES;
				CLANG_WARN_DEPRECATED_OBJC_IMPLEMENTATIONS = YES;
				CLANG_WARN_DIRECT_OBJC_ISA_USAGE = YES_ERROR;
				CLANG_WARN_DOCUMENTATION_COMMENTS = YES;
				CLANG_WARN_EMPTY_BODY = YES;
				CLANG_WARN_ENUM_CONVERSION = YES;
				CLANG_WARN_INFINITE_RECURSION = YES;
				CLANG_WARN_INT_CONVERSION = YES;
				CLANG_WARN_NON_LITERAL_NULL_CONVERSION = YES;
				CLANG_WARN_OBJC_IMPLICIT_RETAIN_SELF = YES;
				CLANG_WARN_OBJC_LITERAL_CONVERSION = YES;
				CLANG_WARN_OBJC_ROOT_CLASS = YES_ERROR;
				CLANG_WARN_QUOTED_INCLUDE_IN_FRAMEWORK_HEADER = YES;
				CLANG_WARN_RANGE_LOOP_ANALYSIS = YES;
				CLANG_WARN_STRICT_PROTOTYPES = YES;
				CLANG_WARN_SUSPICIOUS_MOVE = YES;
				CLANG_WARN_UNGUARDED_AVAILABILITY = YES_AGGRESSIVE;
				CLANG_WARN_UNREACHABLE_CODE = YES;
				CLANG_WARN__DUPLICATE_METHOD_MATCH = YES;
				COPY_PHASE_STRIP = NO;
				DEBUG_INFORMATION_FORMAT = "dwarf-with-dsym";
				ENABLE_NS_ASSERTIONS = NO;
				ENABLE_STRICT_OBJC_MSGSEND = YES;
				ENABLE_USER_SCRIPT_SANDBOXING = YES;
				GCC_C_LANGUAGE_STANDARD = gnu11;
				GCC_NO_COMMON_BLOCKS = YES;
				GCC_WARN_64_TO_32_BIT_CONVERSION = YES;
				GCC_WARN_ABOUT_RETURN_TYPE = YES_ERROR;
				GCC_WARN_UNDECLARED_SELECTOR = YES;
				GCC_WARN_UNINITIALIZED_AUTOS = YES_AGGRESSIVE;
				GCC_WARN_UNUSED_FUNCTION = YES;
				GCC_WARN_UNUSED_VARIABLE = YES;
				IPHONEOS_DEPLOYMENT_TARGET = 15.0;
				MTL_ENABLE_DEBUG_INFO = NO;
				MTL_FAST_MATH = YES;
				SDKROOT = iphoneos;
				SWIFT_COMPILATION_MODE = wholemodule;
				SWIFT_OPTIMIZATION_LEVEL = "-O";
				VALIDATE_PRODUCT = YES;
			};
			name = Release;
		};
		1A1A1A1A1A1A1A1A1A1A1A30 /* Debug */ = {
			isa = XCBuildConfiguration;
			buildSettings = {
				ASSETCATALOG_COMPILER_APPICON_NAME = AppIcon;
				ASSETCATALOG_COMPILER_GLOBAL_ACCENT_COLOR_NAME = AccentColor;
				ASSETCATALOG_COMPILER_INCLUDE_ALL_APPICON_ASSETS = YES;
				CODE_SIGN_ENTITLEMENTS = HotWalk/HotWalk.entitlements;
				CODE_SIGN_STYLE = Automatic;
				CURRENT_PROJECT_VERSION = 1;
				DEVELOPMENT_ASSET_PATHS = "";
				DEVELOPMENT_TEAM = 7A2Z4NZF9X;
				ENABLE_PREVIEWS = YES;
				GENERATE_INFOPLIST_FILE = YES;
				INFOPLIST_FILE = HotWalk/Info.plist;
				INFOPLIST_KEY_CFBundleDisplayName = "Hot Girl Steps ";
				INFOPLIST_KEY_NSCameraUsageDescription = "Hot Girl Steps needs access to your camera to take photos for sharing achievements.";
				INFOPLIST_KEY_NSFaceIDUsageDescription = "We use Face ID to securely sign you in to your account.";
				INFOPLIST_KEY_NSHealthShareUsageDescription = "Hot Girl Steps needs access to your step count to track your progress and send you notifications when you reach your goals.";
				INFOPLIST_KEY_NSHealthUpdateUsageDescription = "Hot Girl Steps needs access to your step count to track your progress and send you notifications when you reach your goals.";
				INFOPLIST_KEY_NSPhotoLibraryUsageDescription = "Hot Girl Steps needs access to your photo library to save and share your achievements.";
				INFOPLIST_KEY_UIApplicationSupportsIndirectInputEvents = YES;
				INFOPLIST_KEY_UILaunchScreen_Generation = YES;
				INFOPLIST_KEY_UILaunchStoryboardName = LaunchScreen;
				INFOPLIST_KEY_UIRequiredDeviceCapabilities = armv7;
				INFOPLIST_KEY_UIStatusBarStyle = "";
				INFOPLIST_KEY_UISupportedInterfaceOrientations = "UIInterfaceOrientationLandscapeLeft UIInterfaceOrientationLandscapeRight UIInterfaceOrientationPortrait UIInterfaceOrientationPortraitUpsideDown";
				INFOPLIST_KEY_UISupportedInterfaceOrientations_iPad = UIInterfaceOrientationPortrait;
				LD_RUNPATH_SEARCH_PATHS = (
					"$(inherited)",
					"@executable_path/Frameworks",
				);
				MARKETING_VERSION = 1.0;
				PRODUCT_BUNDLE_IDENTIFIER = fi.vimdigital.HotGirlSteps;
				PRODUCT_NAME = "$(TARGET_NAME)";
				SUPPORTED_PLATFORMS = "iphoneos iphonesimulator";
				SUPPORTS_MACCATALYST = NO;
				SUPPORTS_MAC_DESIGNED_FOR_IPHONE_IPAD = NO;
				SUPPORTS_XR_DESIGNED_FOR_IPHONE_IPAD = NO;
				SWIFT_EMIT_LOC_STRINGS = YES;
				SWIFT_VERSION = 5.0;
				TARGETED_DEVICE_FAMILY = 1;
			};
			name = Debug;
		};
		1A1A1A1A1A1A1A1A1A1A1A31 /* Release */ = {
			isa = XCBuildConfiguration;
			buildSettings = {
				ASSETCATALOG_COMPILER_APPICON_NAME = AppIcon;
				ASSETCATALOG_COMPILER_GLOBAL_ACCENT_COLOR_NAME = AccentColor;
				ASSETCATALOG_COMPILER_INCLUDE_ALL_APPICON_ASSETS = YES;
				CODE_SIGN_ENTITLEMENTS = HotWalk/HotWalk.entitlements;
				CODE_SIGN_STYLE = Automatic;
				CURRENT_PROJECT_VERSION = 1;
				DEVELOPMENT_ASSET_PATHS = "";
				DEVELOPMENT_TEAM = 7A2Z4NZF9X;
				ENABLE_PREVIEWS = YES;
				GENERATE_INFOPLIST_FILE = YES;
				INFOPLIST_FILE = HotWalk/Info.plist;
				INFOPLIST_KEY_CFBundleDisplayName = "Hot Girl Steps ";
				INFOPLIST_KEY_NSCameraUsageDescription = "Hot Girl Steps needs access to your camera to take photos for sharing achievements.";
				INFOPLIST_KEY_NSFaceIDUsageDescription = "We use Face ID to securely sign you in to your account.";
				INFOPLIST_KEY_NSHealthShareUsageDescription = "Hot Girl Steps needs access to your step count to track your progress and send you notifications when you reach your goals.";
				INFOPLIST_KEY_NSHealthUpdateUsageDescription = "Hot Girl Steps needs access to your step count to track your progress and send you notifications when you reach your goals.";
				INFOPLIST_KEY_NSPhotoLibraryUsageDescription = "Hot Girl Steps needs access to your photo library to save and share your achievements.";
				INFOPLIST_KEY_UIApplicationSupportsIndirectInputEvents = YES;
				INFOPLIST_KEY_UILaunchScreen_Generation = YES;
				INFOPLIST_KEY_UILaunchStoryboardName = LaunchScreen;
				INFOPLIST_KEY_UIRequiredDeviceCapabilities = armv7;
				INFOPLIST_KEY_UIStatusBarStyle = "";
				INFOPLIST_KEY_UISupportedInterfaceOrientations = "UIInterfaceOrientationLandscapeLeft UIInterfaceOrientationLandscapeRight UIInterfaceOrientationPortrait UIInterfaceOrientationPortraitUpsideDown";
				INFOPLIST_KEY_UISupportedInterfaceOrientations_iPad = UIInterfaceOrientationPortrait;
				LD_RUNPATH_SEARCH_PATHS = (
					"$(inherited)",
					"@executable_path/Frameworks",
				);
				MARKETING_VERSION = 1.0;
				PRODUCT_BUNDLE_IDENTIFIER = fi.vimdigital.HotGirlSteps;
				PRODUCT_NAME = "$(TARGET_NAME)";
				SUPPORTED_PLATFORMS = "iphoneos iphonesimulator";
				SUPPORTS_MACCATALYST = NO;
				SUPPORTS_MAC_DESIGNED_FOR_IPHONE_IPAD = NO;
				SUPPORTS_XR_DESIGNED_FOR_IPHONE_IPAD = NO;
				SWIFT_EMIT_LOC_STRINGS = YES;
				SWIFT_VERSION = 5.0;
				TARGETED_DEVICE_FAMILY = 1;
			};
			name = Release;
		};
/* End XCBuildConfiguration section */

/* Begin XCConfigurationList section */
		1A1A1A1A1A1A1A1A1A1A1A29 /* Build configuration list for PBXNativeTarget "HotWalk" */ = {
			isa = XCConfigurationList;
			buildConfigurations = (
				1A1A1A1A1A1A1A1A1A1A1A30 /* Debug */,
				1A1A1A1A1A1A1A1A1A1A1A31 /* Release */,
			);
			defaultConfigurationIsVisible = 0;
			defaultConfigurationName = Release;
		};
		1A1A1A1A1A1A1A1A1A1A1A2D /* Build configuration list for PBXProject "HotWalk" */ = {
			isa = XCConfigurationList;
			buildConfigurations = (
				1A1A1A1A1A1A1A1A1A1A1A2E /* Debug */,
				1A1A1A1A1A1A1A1A1A1A1A2F /* Release */,
			);
			defaultConfigurationIsVisible = 0;
			defaultConfigurationName = Release;
		};
/* End XCConfigurationList section */

/* Begin XCRemoteSwiftPackageReference section */
		748223AE2DCCE5EC003C1475 /* XCRemoteSwiftPackageReference "mixpanel-swift" */ = {
			isa = XCRemoteSwiftPackageReference;
			repositoryURL = "https://github.com/mixpanel/mixpanel-swift";
			requirement = {
				branch = master;
				kind = branch;
			};
		};
		74BC993D2DBABC9A00FA1049 /* XCRemoteSwiftPackageReference "firebase-ios-sdk" */ = {
			isa = XCRemoteSwiftPackageReference;
			repositoryURL = "https://github.com/firebase/firebase-ios-sdk";
			requirement = {
				kind = upToNextMajorVersion;
				minimumVersion = 11.12.0;
			};
		};
/* End XCRemoteSwiftPackageReference section */

/* Begin XCSwiftPackageProductDependency section */
		748223AF2DCCE5EC003C1475 /* Mixpanel */ = {
			isa = XCSwiftPackageProductDependency;
			package = 748223AE2DCCE5EC003C1475 /* XCRemoteSwiftPackageReference "mixpanel-swift" */;
			productName = Mixpanel;
		};
		74BC993E2DBABC9A00FA1049 /* FirebaseAnalytics */ = {
			isa = XCSwiftPackageProductDependency;
			package = 74BC993D2DBABC9A00FA1049 /* XCRemoteSwiftPackageReference "firebase-ios-sdk" */;
			productName = FirebaseAnalytics;
		};
		74BC99402DBABC9A00FA1049 /* FirebaseAuth */ = {
			isa = XCSwiftPackageProductDependency;
			package = 74BC993D2DBABC9A00FA1049 /* XCRemoteSwiftPackageReference "firebase-ios-sdk" */;
			productName = FirebaseAuth;
		};
		74BC99422DBABC9A00FA1049 /* FirebaseFirestore */ = {
			isa = XCSwiftPackageProductDependency;
			package = 74BC993D2DBABC9A00FA1049 /* XCRemoteSwiftPackageReference "firebase-ios-sdk" */;
			productName = FirebaseFirestore;
		};
		74BC99442DBABC9A00FA1049 /* FirebaseInAppMessaging-Beta */ = {
			isa = XCSwiftPackageProductDependency;
			package = 74BC993D2DBABC9A00FA1049 /* XCRemoteSwiftPackageReference "firebase-ios-sdk" */;
			productName = "FirebaseInAppMessaging-Beta";
		};
		74BC99462DBABC9A00FA1049 /* FirebaseMessaging */ = {
			isa = XCSwiftPackageProductDependency;
			package = 74BC993D2DBABC9A00FA1049 /* XCRemoteSwiftPackageReference "firebase-ios-sdk" */;
			productName = FirebaseMessaging;
		};
/* End XCSwiftPackageProductDependency section */
	};
	rootObject = 1A1A1A1A1A1A1A1A1A1A1A2C /* Project object */;
}
