// !$*UTF8*$!
{
	archiveVersion = 1;
	classes = {
	};
	objectVersion = 56;
	objects = {

/* Begin PBXBuildFile section */
		1A1A1A1A1A1A1A1A1A1A1A1A /* HotWalkApp.swift in Sources */ = {isa = PBXBuildFile; fileRef = 1A1A1A1A1A1A1A1A1A1A1A1B /* HotWalkApp.swift */; };
		1A1A1A1A1A1A1A1A1A1A1A1C /* ContentView.swift in Sources */ = {isa = PBXBuildFile; fileRef = 1A1A1A1A1A1A1A1A1A1A1A1D /* ContentView.swift */; };
		1A1A1A1A1A1A1A1A1A1A1A1E /* HealthManager.swift in Sources */ = {isa = PBXBuildFile; fileRef = 1A1A1A1A1A1A1A1A1A1A1A1F /* HealthManager.swift */; };
		1A1A1A1A1A1A1A1A1A1A1A20 /* HotWalkViewModel.swift in Sources */ = {isa = PBXBuildFile; fileRef = 1A1A1A1A1A1A1A1A1A1A1A21 /* HotWalkViewModel.swift */; };
		7447F07D2DAD63C600E9AA92 /* Assets.xcassets in Resources */ = {isa = PBXBuildFile; fileRef = 7447F07C2DAD63C600E9AA92 /* Assets.xcassets */; };
		744928C62DA55C18008E5010 /* MotivationalMessageManager.swift in Sources */ = {isa = PBXBuildFile; fileRef = 744928C52DA55C18008E5010 /* MotivationalMessageManager.swift */; };
		744928C82DA55E60008E5010 /* StreakManager.swift in Sources */ = {isa = PBXBuildFile; fileRef = 744928C72DA55E60008E5010 /* StreakManager.swift */; };
		744928CA2DA56320008E5010 /* CalendarView.swift in Sources */ = {isa = PBXBuildFile; fileRef = 744928C92DA56320008E5010 /* CalendarView.swift */; };
		744928CC2DA567AA008E5010 /* HotGirlPassManager.swift in Sources */ = {isa = PBXBuildFile; fileRef = 744928CB2DA567AA008E5010 /* HotGirlPassManager.swift */; };
		744928CF2DA5709D008E5010 /* MilestoneManager.swift in Sources */ = {isa = PBXBuildFile; fileRef = 744928CE2DA5709D008E5010 /* MilestoneManager.swift */; };
		744928D02DA5709D008E5010 /* MilestoneCardView.swift in Sources */ = {isa = PBXBuildFile; fileRef = 744928CD2DA5709D008E5010 /* MilestoneCardView.swift */; };
		744928D32DA5A361008E5010 /* CelebrationView.swift in Sources */ = {isa = PBXBuildFile; fileRef = 744928D22DA5A361008E5010 /* CelebrationView.swift */; };
		744E654E2DA705B800E7730C /* AffirmationCardView.swift in Sources */ = {isa = PBXBuildFile; fileRef = 744E654C2DA705B700E7730C /* AffirmationCardView.swift */; };
		744E654F2DA705B800E7730C /* AffirmationManager.swift in Sources */ = {isa = PBXBuildFile; fileRef = 744E654D2DA705B700E7730C /* AffirmationManager.swift */; };
		744E65522DA706CE00E7730C /* StepRingView.swift in Sources */ = {isa = PBXBuildFile; fileRef = 744E65512DA706CE00E7730C /* StepRingView.swift */; };
		744E65542DA70DC100E7730C /* AnimatedProgressRing.swift in Sources */ = {isa = PBXBuildFile; fileRef = 744E65532DA70DC100E7730C /* AnimatedProgressRing.swift */; };
		74DAAC172DA7D84400B3AA7D /* DateFormatterManager.swift in Sources */ = {isa = PBXBuildFile; fileRef = 74DAAC162DA7D84300B3AA7D /* DateFormatterManager.swift */; };
		74DAAC1B2DA7E43700B3AA7D /* ShareCardView.swift in Sources */ = {isa = PBXBuildFile; fileRef = 74DAAC1A2DA7E43700B3AA7D /* ShareCardView.swift */; };
		74DAAC232DA85AD000B3AA7D /* LaunchScreen.storyboard in Resources */ = {isa = PBXBuildFile; fileRef = 74DAAC202DA85AD000B3AA7D /* LaunchScreen.storyboard */; };
		74DAAC242DA85AD000B3AA7D /* MilestoneType.swift in Sources */ = {isa = PBXBuildFile; fileRef = 74DAAC212DA85AD000B3AA7D /* MilestoneType.swift */; };
		74DAAC282DA91FDB00B3AA7D /* GoalEditorView.swift in Sources */ = {isa = PBXBuildFile; fileRef = 74DAAC272DA91FDB00B3AA7D /* GoalEditorView.swift */; };
/* End PBXBuildFile section */

/* Begin PBXFileReference section */
		1A1A1A1A1A1A1A1A1A1A1A1B /* HotWalkApp.swift */ = {isa = PBXFileReference; lastKnownFileType = sourcecode.swift; path = HotWalkApp.swift; sourceTree = "<group>"; };
		1A1A1A1A1A1A1A1A1A1A1A1D /* ContentView.swift */ = {isa = PBXFileReference; lastKnownFileType = sourcecode.swift; path = ContentView.swift; sourceTree = "<group>"; };
		1A1A1A1A1A1A1A1A1A1A1A1F /* HealthManager.swift */ = {isa = PBXFileReference; lastKnownFileType = sourcecode.swift; path = HealthManager.swift; sourceTree = "<group>"; };
		1A1A1A1A1A1A1A1A1A1A1A21 /* HotWalkViewModel.swift */ = {isa = PBXFileReference; lastKnownFileType = sourcecode.swift; path = HotWalkViewModel.swift; sourceTree = "<group>"; };
		1A1A1A1A1A1A1A1A1A1A1A22 /* HotWalk.app */ = {isa = PBXFileReference; explicitFileType = wrapper.application; includeInIndex = 0; path = HotWalk.app; sourceTree = BUILT_PRODUCTS_DIR; };
		1A1A1A1A1A1A1A1A1A1A1A23 /* Info.plist */ = {isa = PBXFileReference; lastKnownFileType = text.plist.xml; path = Info.plist; sourceTree = "<group>"; };
		1A1A1A1A1A1A1A1A1A1A1A32 /* HotWalk.entitlements */ = {isa = PBXFileReference; lastKnownFileType = text.plist.entitlements; path = HotWalk.entitlements; sourceTree = "<group>"; };
		7447F07C2DAD63C600E9AA92 /* Assets.xcassets */ = {isa = PBXFileReference; lastKnownFileType = folder.assetcatalog; path = Assets.xcassets; sourceTree = "<group>"; };
		744928C52DA55C18008E5010 /* MotivationalMessageManager.swift */ = {isa = PBXFileReference; lastKnownFileType = sourcecode.swift; path = MotivationalMessageManager.swift; sourceTree = "<group>"; };
		744928C72DA55E60008E5010 /* StreakManager.swift */ = {isa = PBXFileReference; lastKnownFileType = sourcecode.swift; path = StreakManager.swift; sourceTree = "<group>"; };
		744928C92DA56320008E5010 /* CalendarView.swift */ = {isa = PBXFileReference; lastKnownFileType = sourcecode.swift; path = CalendarView.swift; sourceTree = "<group>"; };
		744928CB2DA567AA008E5010 /* HotGirlPassManager.swift */ = {isa = PBXFileReference; lastKnownFileType = sourcecode.swift; path = HotGirlPassManager.swift; sourceTree = "<group>"; };
		744928CD2DA5709D008E5010 /* MilestoneCardView.swift */ = {isa = PBXFileReference; lastKnownFileType = sourcecode.swift; path = MilestoneCardView.swift; sourceTree = "<group>"; };
		744928CE2DA5709D008E5010 /* MilestoneManager.swift */ = {isa = PBXFileReference; lastKnownFileType = sourcecode.swift; path = MilestoneManager.swift; sourceTree = "<group>"; };
		744928D22DA5A361008E5010 /* CelebrationView.swift */ = {isa = PBXFileReference; lastKnownFileType = sourcecode.swift; path = CelebrationView.swift; sourceTree = "<group>"; };
		744E654C2DA705B700E7730C /* AffirmationCardView.swift */ = {isa = PBXFileReference; lastKnownFileType = sourcecode.swift; path = AffirmationCardView.swift; sourceTree = "<group>"; };
		744E654D2DA705B700E7730C /* AffirmationManager.swift */ = {isa = PBXFileReference; lastKnownFileType = sourcecode.swift; path = AffirmationManager.swift; sourceTree = "<group>"; };
		744E65512DA706CE00E7730C /* StepRingView.swift */ = {isa = PBXFileReference; lastKnownFileType = sourcecode.swift; path = StepRingView.swift; sourceTree = "<group>"; };
		744E65532DA70DC100E7730C /* AnimatedProgressRing.swift */ = {isa = PBXFileReference; lastKnownFileType = sourcecode.swift; path = AnimatedProgressRing.swift; sourceTree = "<group>"; };
		74DAAC162DA7D84300B3AA7D /* DateFormatterManager.swift */ = {isa = PBXFileReference; lastKnownFileType = sourcecode.swift; path = DateFormatterManager.swift; sourceTree = "<group>"; };
		74DAAC1A2DA7E43700B3AA7D /* ShareCardView.swift */ = {isa = PBXFileReference; lastKnownFileType = sourcecode.swift; path = ShareCardView.swift; sourceTree = "<group>"; };
		74DAAC202DA85AD000B3AA7D /* LaunchScreen.storyboard */ = {isa = PBXFileReference; lastKnownFileType = file.storyboard; path = LaunchScreen.storyboard; sourceTree = "<group>"; };
		74DAAC212DA85AD000B3AA7D /* MilestoneType.swift */ = {isa = PBXFileReference; lastKnownFileType = sourcecode.swift; path = MilestoneType.swift; sourceTree = "<group>"; };
		74DAAC272DA91FDB00B3AA7D /* GoalEditorView.swift */ = {isa = PBXFileReference; lastKnownFileType = sourcecode.swift; path = GoalEditorView.swift; sourceTree = "<group>"; };
/* End PBXFileReference section */

/* Begin PBXFrameworksBuildPhase section */
		1A1A1A1A1A1A1A1A1A1A1A24 /* Frameworks */ = {
			isa = PBXFrameworksBuildPhase;
			buildActionMask = 2147483647;
			files = (
			);
			runOnlyForDeploymentPostprocessing = 0;
		};
/* End PBXFrameworksBuildPhase section */

/* Begin PBXGroup section */
		1A1A1A1A1A1A1A1A1A1A1A25 = {
			isa = PBXGroup;
			children = (
				1A1A1A1A1A1A1A1A1A1A1A26 /* HotWalk */,
				1A1A1A1A1A1A1A1A1A1A1A27 /* Products */,
			);
			sourceTree = "<group>";
		};
		1A1A1A1A1A1A1A1A1A1A1A26 /* HotWalk */ = {
			isa = PBXGroup;
			children = (
				1A1A1A1A1A1A1A1A1A1A1A33 /* HotWalk */,
			);
			path = HotWalk;
			sourceTree = "<group>";
		};
		1A1A1A1A1A1A1A1A1A1A1A27 /* Products */ = {
			isa = PBXGroup;
			children = (
				1A1A1A1A1A1A1A1A1A1A1A22 /* HotWalk.app */,
			);
			name = Products;
			sourceTree = "<group>";
		};
		1A1A1A1A1A1A1A1A1A1A1A33 /* HotWalk */ = {
			isa = PBXGroup;
			children = (
				744928D22DA5A361008E5010 /* CelebrationView.swift */,
				744E654C2DA705B700E7730C /* AffirmationCardView.swift */,
				74DAAC202DA85AD000B3AA7D /* LaunchScreen.storyboard */,
				74DAAC212DA85AD000B3AA7D /* MilestoneType.swift */,
				744E654D2DA705B700E7730C /* AffirmationManager.swift */,
				744928C52DA55C18008E5010 /* MotivationalMessageManager.swift */,
				1A1A1A1A1A1A1A1A1A1A1A1B /* HotWalkApp.swift */,
				1A1A1A1A1A1A1A1A1A1A1A1D /* ContentView.swift */,
				7447F07C2DAD63C600E9AA92 /* Assets.xcassets */,
				74DAAC1A2DA7E43700B3AA7D /* ShareCardView.swift */,
				744E65512DA706CE00E7730C /* StepRingView.swift */,
				74DAAC162DA7D84300B3AA7D /* DateFormatterManager.swift */,
				744E65532DA70DC100E7730C /* AnimatedProgressRing.swift */,
				1A1A1A1A1A1A1A1A1A1A1A1F /* HealthManager.swift */,
				1A1A1A1A1A1A1A1A1A1A1A21 /* HotWalkViewModel.swift */,
				744928CD2DA5709D008E5010 /* MilestoneCardView.swift */,
				744928CE2DA5709D008E5010 /* MilestoneManager.swift */,
				744928CB2DA567AA008E5010 /* HotGirlPassManager.swift */,
				744928C92DA56320008E5010 /* CalendarView.swift */,
				74DAAC272DA91FDB00B3AA7D /* GoalEditorView.swift */,
				744928C72DA55E60008E5010 /* StreakManager.swift */,
				1A1A1A1A1A1A1A1A1A1A1A23 /* Info.plist */,
				1A1A1A1A1A1A1A1A1A1A1A32 /* HotWalk.entitlements */,
			);
			path = HotWalk;
			sourceTree = "<group>";
		};
/* End PBXGroup section */

/* Begin PBXNativeTarget section */
		1A1A1A1A1A1A1A1A1A1A1A28 /* HotWalk */ = {
			isa = PBXNativeTarget;
			buildConfigurationList = 1A1A1A1A1A1A1A1A1A1A1A29 /* Build configuration list for PBXNativeTarget "HotWalk" */;
			buildPhases = (
				1A1A1A1A1A1A1A1A1A1A1A24 /* Frameworks */,
				1A1A1A1A1A1A1A1A1A1A1A2A /* Sources */,
				1A1A1A1A1A1A1A1A1A1A1A2B /* Resources */,
			);
			buildRules = (
			);
			dependencies = (
			);
			name = HotWalk;
			productName = HotWalk;
			productReference = 1A1A1A1A1A1A1A1A1A1A1A22 /* HotWalk.app */;
			productType = "com.apple.product-type.application";
		};
/* End PBXNativeTarget section */

/* Begin PBXProject section */
		1A1A1A1A1A1A1A1A1A1A1A2C /* Project object */ = {
			isa = PBXProject;
			attributes = {
				BuildIndependentTargetsInParallel = 1;
				LastSwiftUpdateCheck = 1500;
				LastUpgradeCheck = 1630;
				TargetAttributes = {
					1A1A1A1A1A1A1A1A1A1A1A28 = {
						CreatedOnToolsVersion = 15.0;
					};
				};
			};
			buildConfigurationList = 1A1A1A1A1A1A1A1A1A1A1A2D /* Build configuration list for PBXProject "HotWalk" */;
			compatibilityVersion = "Xcode 14.0";
			developmentRegion = en;
			hasScannedForEncodings = 0;
			knownRegions = (
				en,
				Base,
			);
			mainGroup = 1A1A1A1A1A1A1A1A1A1A1A25;
			productRefGroup = 1A1A1A1A1A1A1A1A1A1A1A27 /* Products */;
			projectDirPath = "";
			projectRoot = "";
			targets = (
				1A1A1A1A1A1A1A1A1A1A1A28 /* HotWalk */,
			);
		};
/* End PBXProject section */

/* Begin PBXResourcesBuildPhase section */
		1A1A1A1A1A1A1A1A1A1A1A2B /* Resources */ = {
			isa = PBXResourcesBuildPhase;
			buildActionMask = 2147483647;
			files = (
				7447F07D2DAD63C600E9AA92 /* Assets.xcassets in Resources */,
				74DAAC232DA85AD000B3AA7D /* LaunchScreen.storyboard in Resources */,
			);
			runOnlyForDeploymentPostprocessing = 0;
		};
/* End PBXResourcesBuildPhase section */

/* Begin PBXSourcesBuildPhase section */
		1A1A1A1A1A1A1A1A1A1A1A2A /* Sources */ = {
			isa = PBXSourcesBuildPhase;
			buildActionMask = 2147483647;
			files = (
				74DAAC242DA85AD000B3AA7D /* MilestoneType.swift in Sources */,
				744E65522DA706CE00E7730C /* StepRingView.swift in Sources */,
				74DAAC1B2DA7E43700B3AA7D /* ShareCardView.swift in Sources */,
				744928C62DA55C18008E5010 /* MotivationalMessageManager.swift in Sources */,
				74DAAC172DA7D84400B3AA7D /* DateFormatterManager.swift in Sources */,
				744928CA2DA56320008E5010 /* CalendarView.swift in Sources */,
				1A1A1A1A1A1A1A1A1A1A1A1C /* ContentView.swift in Sources */,
				1A1A1A1A1A1A1A1A1A1A1A1E /* HealthManager.swift in Sources */,
				1A1A1A1A1A1A1A1A1A1A1A20 /* HotWalkViewModel.swift in Sources */,
				744E654E2DA705B800E7730C /* AffirmationCardView.swift in Sources */,
				744E654F2DA705B800E7730C /* AffirmationManager.swift in Sources */,
				1A1A1A1A1A1A1A1A1A1A1A1A /* HotWalkApp.swift in Sources */,
				744928CC2DA567AA008E5010 /* HotGirlPassManager.swift in Sources */,
				744928D32DA5A361008E5010 /* CelebrationView.swift in Sources */,
				744928CF2DA5709D008E5010 /* MilestoneManager.swift in Sources */,
				744928D02DA5709D008E5010 /* MilestoneCardView.swift in Sources */,
				744E65542DA70DC100E7730C /* AnimatedProgressRing.swift in Sources */,
				74DAAC282DA91FDB00B3AA7D /* GoalEditorView.swift in Sources */,
				744928C82DA55E60008E5010 /* StreakManager.swift in Sources */,
			);
			runOnlyForDeploymentPostprocessing = 0;
		};
/* End PBXSourcesBuildPhase section */

/* Begin XCBuildConfiguration section */
		1A1A1A1A1A1A1A1A1A1A1A2E /* Debug */ = {
			isa = XCBuildConfiguration;
			buildSettings = {
				ALWAYS_SEARCH_USER_PATHS = NO;
				CLANG_ANALYZER_NONNULL = YES;
				CLANG_ANALYZER_NUMBER_OBJECT_CONVERSION = YES_AGGRESSIVE;
				CLANG_CXX_LANGUAGE_STANDARD = "gnu++20";
				CLANG_ENABLE_MODULES = YES;
				CLANG_ENABLE_OBJC_ARC = YES;
				CLANG_ENABLE_OBJC_WEAK = YES;
				CLANG_WARN_BLOCK_CAPTURE_AUTORELEASING = YES;
				CLANG_WARN_BOOL_CONVERSION = YES;
				CLANG_WARN_COMMA = YES;
				CLANG_WARN_CONSTANT_CONVERSION = YES;
				CLANG_WARN_DEPRECATED_OBJC_IMPLEMENTATIONS = YES;
				CLANG_WARN_DIRECT_OBJC_ISA_USAGE = YES_ERROR;
				CLANG_WARN_DOCUMENTATION_COMMENTS = YES;
				CLANG_WARN_EMPTY_BODY = YES;
				CLANG_WARN_ENUM_CONVERSION = YES;
				CLANG_WARN_INFINITE_RECURSION = YES;
				CLANG_WARN_INT_CONVERSION = YES;
				CLANG_WARN_NON_LITERAL_NULL_CONVERSION = YES;
				CLANG_WARN_OBJC_IMPLICIT_RETAIN_SELF = YES;
				CLANG_WARN_OBJC_LITERAL_CONVERSION = YES;
				CLANG_WARN_OBJC_ROOT_CLASS = YES_ERROR;
				CLANG_WARN_QUOTED_INCLUDE_IN_FRAMEWORK_HEADER = YES;
				CLANG_WARN_RANGE_LOOP_ANALYSIS = YES;
				CLANG_WARN_STRICT_PROTOTYPES = YES;
				CLANG_WARN_SUSPICIOUS_MOVE = YES;
				CLANG_WARN_UNGUARDED_AVAILABILITY = YES_AGGRESSIVE;
				CLANG_WARN_UNREACHABLE_CODE = YES;
				CLANG_WARN__DUPLICATE_METHOD_MATCH = YES;
				COPY_PHASE_STRIP = NO;
				DEBUG_INFORMATION_FORMAT = dwarf;
				ENABLE_STRICT_OBJC_MSGSEND = YES;
				ENABLE_TESTABILITY = YES;
				ENABLE_USER_SCRIPT_SANDBOXING = YES;
				GCC_C_LANGUAGE_STANDARD = gnu11;
				GCC_DYNAMIC_NO_PIC = NO;
				GCC_NO_COMMON_BLOCKS = YES;
				GCC_OPTIMIZATION_LEVEL = 0;
				GCC_PREPROCESSOR_DEFINITIONS = (
					"DEBUG=1",
					"$(inherited)",
				);
				GCC_WARN_64_TO_32_BIT_CONVERSION = YES;
				GCC_WARN_ABOUT_RETURN_TYPE = YES_ERROR;
				GCC_WARN_UNDECLARED_SELECTOR = YES;
				GCC_WARN_UNINITIALIZED_AUTOS = YES_AGGRESSIVE;
				GCC_WARN_UNUSED_FUNCTION = YES;
				GCC_WARN_UNUSED_VARIABLE = YES;
				IPHONEOS_DEPLOYMENT_TARGET = 15.0;
				MTL_ENABLE_DEBUG_INFO = INCLUDE_SOURCE;
				MTL_FAST_MATH = YES;
				ONLY_ACTIVE_ARCH = YES;
				SDKROOT = iphoneos;
				SWIFT_ACTIVE_COMPILATION_CONDITIONS = DEBUG;
				SWIFT_OPTIMIZATION_LEVEL = "-Onone";
			};
			name = Debug;
		};
		1A1A1A1A1A1A1A1A1A1A1A2F /* Release */ = {
			isa = XCBuildConfiguration;
			buildSettings = {
				ALWAYS_SEARCH_USER_PATHS = NO;
				CLANG_ANALYZER_NONNULL = YES;
				CLANG_ANALYZER_NUMBER_OBJECT_CONVERSION = YES_AGGRESSIVE;
				CLANG_CXX_LANGUAGE_STANDARD = "gnu++20";
				CLANG_ENABLE_MODULES = YES;
				CLANG_ENABLE_OBJC_ARC = YES;
				CLANG_ENABLE_OBJC_WEAK = YES;
				CLANG_WARN_BLOCK_CAPTURE_AUTORELEASING = YES;
				CLANG_WARN_BOOL_CONVERSION = YES;
				CLANG_WARN_COMMA = YES;
				CLANG_WARN_CONSTANT_CONVERSION = YES;
				CLANG_WARN_DEPRECATED_OBJC_IMPLEMENTATIONS = YES;
				CLANG_WARN_DIRECT_OBJC_ISA_USAGE = YES_ERROR;
				CLANG_WARN_DOCUMENTATION_COMMENTS = YES;
				CLANG_WARN_EMPTY_BODY = YES;
				CLANG_WARN_ENUM_CONVERSION = YES;
				CLANG_WARN_INFINITE_RECURSION = YES;
				CLANG_WARN_INT_CONVERSION = YES;
				CLANG_WARN_NON_LITERAL_NULL_CONVERSION = YES;
				CLANG_WARN_OBJC_IMPLICIT_RETAIN_SELF = YES;
				CLANG_WARN_OBJC_LITERAL_CONVERSION = YES;
				CLANG_WARN_OBJC_ROOT_CLASS = YES_ERROR;
				CLANG_WARN_QUOTED_INCLUDE_IN_FRAMEWORK_HEADER = YES;
				CLANG_WARN_RANGE_LOOP_ANALYSIS = YES;
				CLANG_WARN_STRICT_PROTOTYPES = YES;
				CLANG_WARN_SUSPICIOUS_MOVE = YES;
				CLANG_WARN_UNGUARDED_AVAILABILITY = YES_AGGRESSIVE;
				CLANG_WARN_UNREACHABLE_CODE = YES;
				CLANG_WARN__DUPLICATE_METHOD_MATCH = YES;
				COPY_PHASE_STRIP = NO;
				DEBUG_INFORMATION_FORMAT = "dwarf-with-dsym";
				ENABLE_NS_ASSERTIONS = NO;
				ENABLE_STRICT_OBJC_MSGSEND = YES;
				ENABLE_USER_SCRIPT_SANDBOXING = YES;
				GCC_C_LANGUAGE_STANDARD = gnu11;
				GCC_NO_COMMON_BLOCKS = YES;
				GCC_WARN_64_TO_32_BIT_CONVERSION = YES;
				GCC_WARN_ABOUT_RETURN_TYPE = YES_ERROR;
				GCC_WARN_UNDECLARED_SELECTOR = YES;
				GCC_WARN_UNINITIALIZED_AUTOS = YES_AGGRESSIVE;
				GCC_WARN_UNUSED_FUNCTION = YES;
				GCC_WARN_UNUSED_VARIABLE = YES;
				IPHONEOS_DEPLOYMENT_TARGET = 15.0;
				MTL_ENABLE_DEBUG_INFO = NO;
				MTL_FAST_MATH = YES;
				SDKROOT = iphoneos;
				SWIFT_COMPILATION_MODE = wholemodule;
				SWIFT_OPTIMIZATION_LEVEL = "-O";
				VALIDATE_PRODUCT = YES;
			};
			name = Release;
		};
		1A1A1A1A1A1A1A1A1A1A1A30 /* Debug */ = {
			isa = XCBuildConfiguration;
			buildSettings = {
				ASSETCATALOG_COMPILER_APPICON_NAME = AppIcon;
				ASSETCATALOG_COMPILER_GLOBAL_ACCENT_COLOR_NAME = AccentColor;
				ASSETCATALOG_COMPILER_INCLUDE_ALL_APPICON_ASSETS = YES;
				CODE_SIGN_ENTITLEMENTS = HotWalk/HotWalk/HotWalk.entitlements;
				CODE_SIGN_STYLE = Automatic;
				CURRENT_PROJECT_VERSION = 1;
				DEVELOPMENT_ASSET_PATHS = "";
				DEVELOPMENT_TEAM = 7A2Z4NZF9X;
				ENABLE_PREVIEWS = YES;
				GENERATE_INFOPLIST_FILE = YES;
				INFOPLIST_FILE = HotWalk/HotWalk/Info.plist;
				INFOPLIST_KEY_CFBundleDisplayName = "Hot Girl Steps ";
				INFOPLIST_KEY_NSCameraUsageDescription = "Hot Girl Steps needs access to your camera to take photos for sharing achievements.";
				INFOPLIST_KEY_NSHealthShareUsageDescription = "Hot Girl Steps needs access to your step count to track your daily progress and provide motivation.";
				INFOPLIST_KEY_NSHealthUpdateUsageDescription = "Hot Girl Steps needs access to your step count to track your daily progress and provide motivation.";
				INFOPLIST_KEY_NSPhotoLibraryUsageDescription = "Hot Girl Steps needs access to your photo library to save and share your achievements.";
				INFOPLIST_KEY_UIApplicationSceneManifest_Generation = YES;
				INFOPLIST_KEY_UIApplicationSupportsIndirectInputEvents = YES;
				INFOPLIST_KEY_UILaunchScreen_Generation = YES;
				INFOPLIST_KEY_UILaunchStoryboardName = LaunchScreen;
				INFOPLIST_KEY_UIRequiredDeviceCapabilities = armv7;
				INFOPLIST_KEY_UIStatusBarStyle = "";
				INFOPLIST_KEY_UISupportedInterfaceOrientations = "UIInterfaceOrientationLandscapeLeft UIInterfaceOrientationLandscapeRight UIInterfaceOrientationPortrait UIInterfaceOrientationPortraitUpsideDown";
				INFOPLIST_KEY_UISupportedInterfaceOrientations_iPad = UIInterfaceOrientationPortrait;
				LD_RUNPATH_SEARCH_PATHS = (
					"$(inherited)",
					"@executable_path/Frameworks",
				);
				MARKETING_VERSION = 1.0;
				PRODUCT_BUNDLE_IDENTIFIER = fi.vimdigital.HotGirlSteps;
				PRODUCT_NAME = "$(TARGET_NAME)";
				SUPPORTED_PLATFORMS = "iphoneos iphonesimulator";
				SUPPORTS_MACCATALYST = NO;
				SUPPORTS_MAC_DESIGNED_FOR_IPHONE_IPAD = NO;
				SUPPORTS_XR_DESIGNED_FOR_IPHONE_IPAD = NO;
				SWIFT_EMIT_LOC_STRINGS = YES;
				SWIFT_VERSION = 5.0;
				TARGETED_DEVICE_FAMILY = 1;
			};
			name = Debug;
		};
		1A1A1A1A1A1A1A1A1A1A1A31 /* Release */ = {
			isa = XCBuildConfiguration;
			buildSettings = {
				ASSETCATALOG_COMPILER_APPICON_NAME = AppIcon;
				ASSETCATALOG_COMPILER_GLOBAL_ACCENT_COLOR_NAME = AccentColor;
				ASSETCATALOG_COMPILER_INCLUDE_ALL_APPICON_ASSETS = YES;
				CODE_SIGN_ENTITLEMENTS = HotWalk/HotWalk/HotWalk.entitlements;
				CODE_SIGN_STYLE = Automatic;
				CURRENT_PROJECT_VERSION = 1;
				DEVELOPMENT_ASSET_PATHS = "";
				DEVELOPMENT_TEAM = 7A2Z4NZF9X;
				ENABLE_PREVIEWS = YES;
				GENERATE_INFOPLIST_FILE = YES;
				INFOPLIST_FILE = HotWalk/HotWalk/Info.plist;
				INFOPLIST_KEY_CFBundleDisplayName = "Hot Girl Steps ";
				INFOPLIST_KEY_NSCameraUsageDescription = "Hot Girl Steps needs access to your camera to take photos for sharing achievements.";
				INFOPLIST_KEY_NSHealthShareUsageDescription = "Hot Girl Steps needs access to your step count to track your daily progress and provide motivation.";
				INFOPLIST_KEY_NSHealthUpdateUsageDescription = "Hot Girl Steps needs access to your step count to track your daily progress and provide motivation.";
				INFOPLIST_KEY_NSPhotoLibraryUsageDescription = "Hot Girl Steps needs access to your photo library to save and share your achievements.";
				INFOPLIST_KEY_UIApplicationSceneManifest_Generation = YES;
				INFOPLIST_KEY_UIApplicationSupportsIndirectInputEvents = YES;
				INFOPLIST_KEY_UILaunchScreen_Generation = YES;
				INFOPLIST_KEY_UILaunchStoryboardName = LaunchScreen;
				INFOPLIST_KEY_UIRequiredDeviceCapabilities = armv7;
				INFOPLIST_KEY_UIStatusBarStyle = "";
				INFOPLIST_KEY_UISupportedInterfaceOrientations = "UIInterfaceOrientationLandscapeLeft UIInterfaceOrientationLandscapeRight UIInterfaceOrientationPortrait UIInterfaceOrientationPortraitUpsideDown";
				INFOPLIST_KEY_UISupportedInterfaceOrientations_iPad = UIInterfaceOrientationPortrait;
				LD_RUNPATH_SEARCH_PATHS = (
					"$(inherited)",
					"@executable_path/Frameworks",
				);
				MARKETING_VERSION = 1.0;
				PRODUCT_BUNDLE_IDENTIFIER = fi.vimdigital.HotGirlSteps;
				PRODUCT_NAME = "$(TARGET_NAME)";
				SUPPORTED_PLATFORMS = "iphoneos iphonesimulator";
				SUPPORTS_MACCATALYST = NO;
				SUPPORTS_MAC_DESIGNED_FOR_IPHONE_IPAD = NO;
				SUPPORTS_XR_DESIGNED_FOR_IPHONE_IPAD = NO;
				SWIFT_EMIT_LOC_STRINGS = YES;
				SWIFT_VERSION = 5.0;
				TARGETED_DEVICE_FAMILY = 1;
			};
			name = Release;
		};
/* End XCBuildConfiguration section */

/* Begin XCConfigurationList section */
		1A1A1A1A1A1A1A1A1A1A1A29 /* Build configuration list for PBXNativeTarget "HotWalk" */ = {
			isa = XCConfigurationList;
			buildConfigurations = (
				1A1A1A1A1A1A1A1A1A1A1A30 /* Debug */,
				1A1A1A1A1A1A1A1A1A1A1A31 /* Release */,
			);
			defaultConfigurationIsVisible = 0;
			defaultConfigurationName = Release;
		};
		1A1A1A1A1A1A1A1A1A1A1A2D /* Build configuration list for PBXProject "HotWalk" */ = {
			isa = XCConfigurationList;
			buildConfigurations = (
				1A1A1A1A1A1A1A1A1A1A1A2E /* Debug */,
				1A1A1A1A1A1A1A1A1A1A1A2F /* Release */,
			);
			defaultConfigurationIsVisible = 0;
			defaultConfigurationName = Release;
		};
/* End XCConfigurationList section */
	};
	rootObject = 1A1A1A1A1A1A1A1A1A1A1A2C /* Project object */;
}
